{
  "name": "elm-ffi",
  "lockfileVersion": 2,
  "requires": true,
  "packages": {
    "": {
      "bin": {
        "elm-ffi": "bin/elm-ffi"
      },
      "devDependencies": {
        "elm-codec": "github:pravdomil/elm-codec",
        "elm-utils": "github:pravdomil/elm-utils"
      }
    },
    "node_modules/elm-codec": {
      "resolved": "git+ssh://git@github.com/pravdomil/elm-codec.git#a9053cf9eb6eb892a38770c7fa7bc2c723cd7cb2",
      "dev": true
    },
    "node_modules/elm-utils": {
      "resolved": "git+ssh://git@github.com/pravdomil/elm-utils.git#fd7fef4f9f8dd58eb4be7b76b65c51840c7aef13",
      "dev": true
    }
  },
  "dependencies": {
    "elm-codec": {
      "version": "git+ssh://git@github.com/pravdomil/elm-codec.git#a9053cf9eb6eb892a38770c7fa7bc2c723cd7cb2",
      "dev": true,
      "from": "elm-codec@github:pravdomil/elm-codec"
    },
    "elm-utils": {
      "version": "git+ssh://git@github.com/pravdomil/elm-utils.git#fd7fef4f9f8dd58eb4be7b76b65c51840c7aef13",
      "dev": true,
      "from": "elm-utils@github:pravdomil/elm-utils"
    }
  }
}
