{
  "name": "elm-ffi",
  "lockfileVersion": 2,
  "requires": true,
  "packages": {
    "": {
      "bin": {
        "elm-ffi": "bin/elm-ffi"
      },
      "devDependencies": {
        "elm-utils": "github:pravdomil/elm-utils"
      }
    },
    "node_modules/elm-utils": {
      "resolved": "git+ssh://git@github.com/pravdomil/elm-utils.git#92ed4e5fe91bcef7352cbb8baa862def3fd44a8a",
      "dev": true
    }
  },
  "dependencies": {
    "elm-utils": {
      "version": "git+ssh://git@github.com/pravdomil/elm-utils.git#92ed4e5fe91bcef7352cbb8baa862def3fd44a8a",
      "dev": true,
      "from": "elm-utils@pravdomil/elm-utils"
    }
  }
}
