{
  "name": "elm-ffi",
  "lockfileVersion": 2,
  "requires": true,
  "packages": {
    "": {
      "bin": {
        "elm-ffi": "bin/elm-ffi"
      },
      "devDependencies": {
        "elm-codec": "github:pravdomil/elm-codec",
        "elm-utils": "github:pravdomil/elm-utils"
      }
    },
    "node_modules/elm-codec": {
      "resolved": "git+ssh://git@github.com/pravdomil/elm-codec.git#1e7a67342e93537c58c44f80a489852207e7ee4c",
      "dev": true
    },
    "node_modules/elm-utils": {
      "resolved": "git+ssh://git@github.com/pravdomil/elm-utils.git#e0a37a877cffc8f5fe021686998fd35e9eda48fc",
      "dev": true
    }
  },
  "dependencies": {
    "elm-codec": {
      "version": "git+ssh://git@github.com/pravdomil/elm-codec.git#1e7a67342e93537c58c44f80a489852207e7ee4c",
      "dev": true,
      "from": "elm-codec@pravdomil/elm-codec"
    },
    "elm-utils": {
      "version": "git+ssh://git@github.com/pravdomil/elm-utils.git#e0a37a877cffc8f5fe021686998fd35e9eda48fc",
      "dev": true,
      "from": "elm-utils@github:pravdomil/elm-utils"
    }
  }
}
